
Microsoft Visual Studio Solution File, Format Version 12.00
# Visual Studio Version 17
VisualStudioVersion = 17.5.33414.496
MinimumVisualStudioVersion = 10.0.40219.1
Project("{FAE04EC0-301F-11D3-BF4B-00C04F79EFBC}") = "cadastro_de_empresa", "cadastro_de_empresa\cadastro_de_empresa.csproj", "{3FFB0AD5-943D-4289-A14A-4A486250C900}"
EndProject
Global
	GlobalSection(SolutionConfigurationPlatforms) = preSolution
		Debug|Any CPU = Debug|Any CPU
		Release|Any CPU = Release|Any CPU
	EndGlobalSection
	GlobalSection(ProjectConfigurationPlatforms) = postSolution
		{3FFB0AD5-943D-4289-A14A-4A486250C900}.Debug|Any CPU.ActiveCfg = Debug|Any CPU
		{3FFB0AD5-943D-4289-A14A-4A486250C900}.Debug|Any CPU.Build.0 = Debug|Any CPU
		{3FFB0AD5-943D-4289-A14A-4A486250C900}.Release|Any CPU.ActiveCfg = Release|Any CPU
		{3FFB0AD5-943D-4289-A14A-4A486250C900}.Release|Any CPU.Build.0 = Release|Any CPU
	EndGlobalSection
	GlobalSection(SolutionProperties) = preSolution
		HideSolutionNode = FALSE
	EndGlobalSection
	GlobalSection(ExtensibilityGlobals) = postSolution
		SolutionGuid = {1CFBAAC9-E93D-4C2F-B34F-732A6EF2D7D4}
	EndGlobalSection
EndGlobal
